
Microsoft Visual Studio Solution File, Format Version 12.00
# Visual Studio Version 16
VisualStudioVersion = 16.0.29926.136
MinimumVisualStudioVersion = 10.0.40219.1
Project("{FAE04EC0-301F-11D3-BF4B-00C04F79EFBC}") = "Normfallstudie", "Normfallstudie\Normfallstudie.csproj", "{8DFBFAB7-7A6D-42E9-84E1-A9631F3E494F}"
EndProject
Global
	GlobalSection(SolutionConfigurationPlatforms) = preSolution
		Debug|Any CPU = Debug|Any CPU
		Release|Any CPU = Release|Any CPU
	EndGlobalSection
	GlobalSection(ProjectConfigurationPlatforms) = postSolution
		{8DFBFAB7-7A6D-42E9-84E1-A9631F3E494F}.Debug|Any CPU.ActiveCfg = Debug|Any CPU
		{8DFBFAB7-7A6D-42E9-84E1-A9631F3E494F}.Debug|Any CPU.Build.0 = Debug|Any CPU
		{8DFBFAB7-7A6D-42E9-84E1-A9631F3E494F}.Release|Any CPU.ActiveCfg = Release|Any CPU
		{8DFBFAB7-7A6D-42E9-84E1-A9631F3E494F}.Release|Any CPU.Build.0 = Release|Any CPU
	EndGlobalSection
	GlobalSection(SolutionProperties) = preSolution
		HideSolutionNode = FALSE
	EndGlobalSection
	GlobalSection(ExtensibilityGlobals) = postSolution
		SolutionGuid = {941E8BFC-E822-43A5-BD3B-2C75085829E9}
	EndGlobalSection
EndGlobal
